
Microsoft Visual Studio Solution File, Format Version 12.00
# Visual Studio Version 17
VisualStudioVersion = 17.0.31903.59
MinimumVisualStudioVersion = 10.0.40219.1
Project("{FAE04EC0-301F-11D3-BF4B-00C04F79EFBC}") = "DVLD.API", "DVLD.API\DVLD.API.csproj", "{5BEDAE8F-AB0C-4A86-B09C-6E588DE3E137}"
EndProject
Project("{FAE04EC0-301F-11D3-BF4B-00C04F79EFBC}") = "DVLD.Domain", "DVLD.Domain\DVLD.Domain.csproj", "{3580E2D6-0566-4361-B98D-BD27FFBE1A0F}"
EndProject
Project("{FAE04EC0-301F-11D3-BF4B-00C04F79EFBC}") = "DVLD.Application", "DVLD.Application\DVLD.Application.csproj", "{C9B68583-6956-469D-A38C-8C5453F609A5}"
EndProject
Project("{FAE04EC0-301F-11D3-BF4B-00C04F79EFBC}") = "DVLD.Infrastructure", "DVLD.Infrastructure\DVLD.Infrastructure.csproj", "{F55026C7-AEF5-4C13-B898-4FBA9634DB26}"
EndProject
Project("{FAE04EC0-301F-11D3-BF4B-00C04F79EFBC}") = "DVLD.Tests", "DVLD.Tests\DVLD.Tests.csproj", "{C1D7E288-345B-4463-A5C2-4CE3FEF2F472}"
EndProject
Global
	GlobalSection(SolutionConfigurationPlatforms) = preSolution
		Debug|Any CPU = Debug|Any CPU
		Debug|x64 = Debug|x64
		Debug|x86 = Debug|x86
		Release|Any CPU = Release|Any CPU
		Release|x64 = Release|x64
		Release|x86 = Release|x86
	EndGlobalSection
	GlobalSection(ProjectConfigurationPlatforms) = postSolution
		{5BEDAE8F-AB0C-4A86-B09C-6E588DE3E137}.Debug|Any CPU.ActiveCfg = Debug|Any CPU
		{5BEDAE8F-AB0C-4A86-B09C-6E588DE3E137}.Debug|Any CPU.Build.0 = Debug|Any CPU
		{5BEDAE8F-AB0C-4A86-B09C-6E588DE3E137}.Debug|x64.ActiveCfg = Debug|Any CPU
		{5BEDAE8F-AB0C-4A86-B09C-6E588DE3E137}.Debug|x64.Build.0 = Debug|Any CPU
		{5BEDAE8F-AB0C-4A86-B09C-6E588DE3E137}.Debug|x86.ActiveCfg = Debug|Any CPU
		{5BEDAE8F-AB0C-4A86-B09C-6E588DE3E137}.Debug|x86.Build.0 = Debug|Any CPU
		{5BEDAE8F-AB0C-4A86-B09C-6E588DE3E137}.Release|Any CPU.ActiveCfg = Release|Any CPU
		{5BEDAE8F-AB0C-4A86-B09C-6E588DE3E137}.Release|Any CPU.Build.0 = Release|Any CPU
		{5BEDAE8F-AB0C-4A86-B09C-6E588DE3E137}.Release|x64.ActiveCfg = Release|Any CPU
		{5BEDAE8F-AB0C-4A86-B09C-6E588DE3E137}.Release|x64.Build.0 = Release|Any CPU
		{5BEDAE8F-AB0C-4A86-B09C-6E588DE3E137}.Release|x86.ActiveCfg = Release|Any CPU
		{5BEDAE8F-AB0C-4A86-B09C-6E588DE3E137}.Release|x86.Build.0 = Release|Any CPU
		{3580E2D6-0566-4361-B98D-BD27FFBE1A0F}.Debug|Any CPU.ActiveCfg = Debug|Any CPU
		{3580E2D6-0566-4361-B98D-BD27FFBE1A0F}.Debug|Any CPU.Build.0 = Debug|Any CPU
		{3580E2D6-0566-4361-B98D-BD27FFBE1A0F}.Debug|x64.ActiveCfg = Debug|Any CPU
		{3580E2D6-0566-4361-B98D-BD27FFBE1A0F}.Debug|x64.Build.0 = Debug|Any CPU
		{3580E2D6-0566-4361-B98D-BD27FFBE1A0F}.Debug|x86.ActiveCfg = Debug|Any CPU
		{3580E2D6-0566-4361-B98D-BD27FFBE1A0F}.Debug|x86.Build.0 = Debug|Any CPU
		{3580E2D6-0566-4361-B98D-BD27FFBE1A0F}.Release|Any CPU.ActiveCfg = Release|Any CPU
		{3580E2D6-0566-4361-B98D-BD27FFBE1A0F}.Release|Any CPU.Build.0 = Release|Any CPU
		{3580E2D6-0566-4361-B98D-BD27FFBE1A0F}.Release|x64.ActiveCfg = Release|Any CPU
		{3580E2D6-0566-4361-B98D-BD27FFBE1A0F}.Release|x64.Build.0 = Release|Any CPU
		{3580E2D6-0566-4361-B98D-BD27FFBE1A0F}.Release|x86.ActiveCfg = Release|Any CPU
		{3580E2D6-0566-4361-B98D-BD27FFBE1A0F}.Release|x86.Build.0 = Release|Any CPU
		{C9B68583-6956-469D-A38C-8C5453F609A5}.Debug|Any CPU.ActiveCfg = Debug|Any CPU
		{C9B68583-6956-469D-A38C-8C5453F609A5}.Debug|Any CPU.Build.0 = Debug|Any CPU
		{C9B68583-6956-469D-A38C-8C5453F609A5}.Debug|x64.ActiveCfg = Debug|Any CPU
		{C9B68583-6956-469D-A38C-8C5453F609A5}.Debug|x64.Build.0 = Debug|Any CPU
		{C9B68583-6956-469D-A38C-8C5453F609A5}.Debug|x86.ActiveCfg = Debug|Any CPU
		{C9B68583-6956-469D-A38C-8C5453F609A5}.Debug|x86.Build.0 = Debug|Any CPU
		{C9B68583-6956-469D-A38C-8C5453F609A5}.Release|Any CPU.ActiveCfg = Release|Any CPU
		{C9B68583-6956-469D-A38C-8C5453F609A5}.Release|Any CPU.Build.0 = Release|Any CPU
		{C9B68583-6956-469D-A38C-8C5453F609A5}.Release|x64.ActiveCfg = Release|Any CPU
		{C9B68583-6956-469D-A38C-8C5453F609A5}.Release|x64.Build.0 = Release|Any CPU
		{C9B68583-6956-469D-A38C-8C5453F609A5}.Release|x86.ActiveCfg = Release|Any CPU
		{C9B68583-6956-469D-A38C-8C5453F609A5}.Release|x86.Build.0 = Release|Any CPU
		{F55026C7-AEF5-4C13-B898-4FBA9634DB26}.Debug|Any CPU.ActiveCfg = Debug|Any CPU
		{F55026C7-AEF5-4C13-B898-4FBA9634DB26}.Debug|Any CPU.Build.0 = Debug|Any CPU
		{F55026C7-AEF5-4C13-B898-4FBA9634DB26}.Debug|x64.ActiveCfg = Debug|Any CPU
		{F55026C7-AEF5-4C13-B898-4FBA9634DB26}.Debug|x64.Build.0 = Debug|Any CPU
		{F55026C7-AEF5-4C13-B898-4FBA9634DB26}.Debug|x86.ActiveCfg = Debug|Any CPU
		{F55026C7-AEF5-4C13-B898-4FBA9634DB26}.Debug|x86.Build.0 = Debug|Any CPU
		{F55026C7-AEF5-4C13-B898-4FBA9634DB26}.Release|Any CPU.ActiveCfg = Release|Any CPU
		{F55026C7-AEF5-4C13-B898-4FBA9634DB26}.Release|Any CPU.Build.0 = Release|Any CPU
		{F55026C7-AEF5-4C13-B898-4FBA9634DB26}.Release|x64.ActiveCfg = Release|Any CPU
		{F55026C7-AEF5-4C13-B898-4FBA9634DB26}.Release|x64.Build.0 = Release|Any CPU
		{F55026C7-AEF5-4C13-B898-4FBA9634DB26}.Release|x86.ActiveCfg = Release|Any CPU
		{F55026C7-AEF5-4C13-B898-4FBA9634DB26}.Release|x86.Build.0 = Release|Any CPU
		{C1D7E288-345B-4463-A5C2-4CE3FEF2F472}.Debug|Any CPU.ActiveCfg = Debug|Any CPU
		{C1D7E288-345B-4463-A5C2-4CE3FEF2F472}.Debug|Any CPU.Build.0 = Debug|Any CPU
		{C1D7E288-345B-4463-A5C2-4CE3FEF2F472}.Debug|x64.ActiveCfg = Debug|Any CPU
		{C1D7E288-345B-4463-A5C2-4CE3FEF2F472}.Debug|x64.Build.0 = Debug|Any CPU
		{C1D7E288-345B-4463-A5C2-4CE3FEF2F472}.Debug|x86.ActiveCfg = Debug|Any CPU
		{C1D7E288-345B-4463-A5C2-4CE3FEF2F472}.Debug|x86.Build.0 = Debug|Any CPU
		{C1D7E288-345B-4463-A5C2-4CE3FEF2F472}.Release|Any CPU.ActiveCfg = Release|Any CPU
		{C1D7E288-345B-4463-A5C2-4CE3FEF2F472}.Release|Any CPU.Build.0 = Release|Any CPU
		{C1D7E288-345B-4463-A5C2-4CE3FEF2F472}.Release|x64.ActiveCfg = Release|Any CPU
		{C1D7E288-345B-4463-A5C2-4CE3FEF2F472}.Release|x64.Build.0 = Release|Any CPU
		{C1D7E288-345B-4463-A5C2-4CE3FEF2F472}.Release|x86.ActiveCfg = Release|Any CPU
		{C1D7E288-345B-4463-A5C2-4CE3FEF2F472}.Release|x86.Build.0 = Release|Any CPU
	EndGlobalSection
	GlobalSection(SolutionProperties) = preSolution
		HideSolutionNode = FALSE
	EndGlobalSection
EndGlobal
